// !$*UTF8*$!
{
	archiveVersion = 1;
	classes = {
	};
	objectVersion = 48;
	objects = {

/* Begin PBXBuildFile section */
		FA21E2532062A733000F84DD /* AppDelegate.swift in Sources */ = {isa = PBXBuildFile; fileRef = FA21E2522062A733000F84DD /* AppDelegate.swift */; };
		FA21E2552062A733000F84DD /* CategoriesVC.swift in Sources */ = {isa = PBXBuildFile; fileRef = FA21E2542062A733000F84DD /* CategoriesVC.swift */; };
		FA21E2582062A733000F84DD /* Main.storyboard in Resources */ = {isa = PBXBuildFile; fileRef = FA21E2562062A733000F84DD /* Main.storyboard */; };
		FA21E25A2062A733000F84DD /* Assets.xcassets in Resources */ = {isa = PBXBuildFile; fileRef = FA21E2592062A733000F84DD /* Assets.xcassets */; };
		FA21E25D2062A733000F84DD /* LaunchScreen.storyboard in Resources */ = {isa = PBXBuildFile; fileRef = FA21E25B2062A733000F84DD /* LaunchScreen.storyboard */; };
		FA708FA02063AB7B00B91806 /* CategoryCell.swift in Sources */ = {isa = PBXBuildFile; fileRef = FA708F9F2063AB7A00B91806 /* CategoryCell.swift */; };
		FA708FA22063BC4500B91806 /* Category.swift in Sources */ = {isa = PBXBuildFile; fileRef = FA708FA12063BC4500B91806 /* Category.swift */; };
		FA708FA52063BD9F00B91806 /* DataService.swift in Sources */ = {isa = PBXBuildFile; fileRef = FA708FA42063BD9F00B91806 /* DataService.swift */; };
/* End PBXBuildFile section */

/* Begin PBXFileReference section */
		FA21E24F2062A733000F84DD /* sample-swag.app */ = {isa = PBXFileReference; explicitFileType = wrapper.application; includeInIndex = 0; path = "sample-swag.app"; sourceTree = BUILT_PRODUCTS_DIR; };
		FA21E2522062A733000F84DD /* AppDelegate.swift */ = {isa = PBXFileReference; lastKnownFileType = sourcecode.swift; path = AppDelegate.swift; sourceTree = "<group>"; };
		FA21E2542062A733000F84DD /* CategoriesVC.swift */ = {isa = PBXFileReference; lastKnownFileType = sourcecode.swift; path = CategoriesVC.swift; sourceTree = "<group>"; };
		FA21E2572062A733000F84DD /* Base */ = {isa = PBXFileReference; lastKnownFileType = file.storyboard; name = Base; path = Base.lproj/Main.storyboard; sourceTree = "<group>"; };
		FA21E2592062A733000F84DD /* Assets.xcassets */ = {isa = PBXFileReference; lastKnownFileType = folder.assetcatalog; path = Assets.xcassets; sourceTree = "<group>"; };
		FA21E25C2062A733000F84DD /* Base */ = {isa = PBXFileReference; lastKnownFileType = file.storyboard; name = Base; path = Base.lproj/LaunchScreen.storyboard; sourceTree = "<group>"; };
		FA21E25E2062A733000F84DD /* Info.plist */ = {isa = PBXFileReference; lastKnownFileType = text.plist.xml; path = Info.plist; sourceTree = "<group>"; };
		FA708F9F2063AB7A00B91806 /* CategoryCell.swift */ = {isa = PBXFileReference; lastKnownFileType = sourcecode.swift; path = CategoryCell.swift; sourceTree = "<group>"; };
		FA708FA12063BC4500B91806 /* Category.swift */ = {isa = PBXFileReference; lastKnownFileType = sourcecode.swift; path = Category.swift; sourceTree = "<group>"; };
		FA708FA42063BD9F00B91806 /* DataService.swift */ = {isa = PBXFileReference; lastKnownFileType = sourcecode.swift; path = DataService.swift; sourceTree = "<group>"; };
/* End PBXFileReference section */

/* Begin PBXFrameworksBuildPhase section */
		FA21E24C2062A733000F84DD /* Frameworks */ = {
			isa = PBXFrameworksBuildPhase;
			buildActionMask = 2147483647;
			files = (
			);
			runOnlyForDeploymentPostprocessing = 0;
		};
/* End PBXFrameworksBuildPhase section */

/* Begin PBXGroup section */
		FA21E2462062A733000F84DD = {
			isa = PBXGroup;
			children = (
				FA21E2512062A733000F84DD /* sample-swag */,
				FA21E2502062A733000F84DD /* Products */,
			);
			sourceTree = "<group>";
		};
		FA21E2502062A733000F84DD /* Products */ = {
			isa = PBXGroup;
			children = (
				FA21E24F2062A733000F84DD /* sample-swag.app */,
			);
			name = Products;
			sourceTree = "<group>";
		};
		FA21E2512062A733000F84DD /* sample-swag */ = {
			isa = PBXGroup;
			children = (
				FA708FA32063BD8800B91806 /* services */,
				FA708F9E2063AB4F00B91806 /* model */,
				FA708F9D2063AB4100B91806 /* view */,
				FA708F9C2063AB3600B91806 /* controller */,
				FA21E2522062A733000F84DD /* AppDelegate.swift */,
				FA21E2562062A733000F84DD /* Main.storyboard */,
				FA21E2592062A733000F84DD /* Assets.xcassets */,
				FA21E25B2062A733000F84DD /* LaunchScreen.storyboard */,
				FA21E25E2062A733000F84DD /* Info.plist */,
			);
			path = "sample-swag";
			sourceTree = "<group>";
		};
		FA708F9C2063AB3600B91806 /* controller */ = {
			isa = PBXGroup;
			children = (
				FA21E2542062A733000F84DD /* CategoriesVC.swift */,
			);
			path = controller;
			sourceTree = "<group>";
		};
		FA708F9D2063AB4100B91806 /* view */ = {
			isa = PBXGroup;
			children = (
				FA708F9F2063AB7A00B91806 /* CategoryCell.swift */,
			);
			path = view;
			sourceTree = "<group>";
		};
		FA708F9E2063AB4F00B91806 /* model */ = {
			isa = PBXGroup;
			children = (
				FA708FA12063BC4500B91806 /* Category.swift */,
			);
			path = model;
			sourceTree = "<group>";
		};
		FA708FA32063BD8800B91806 /* services */ = {
			isa = PBXGroup;
			children = (
				FA708FA42063BD9F00B91806 /* DataService.swift */,
			);
			path = services;
			sourceTree = "<group>";
		};
/* End PBXGroup section */

/* Begin PBXNativeTarget section */
		FA21E24E2062A733000F84DD /* sample-swag */ = {
			isa = PBXNativeTarget;
			buildConfigurationList = FA21E2612062A733000F84DD /* Build configuration list for PBXNativeTarget "sample-swag" */;
			buildPhases = (
				FA21E24B2062A733000F84DD /* Sources */,
				FA21E24C2062A733000F84DD /* Frameworks */,
				FA21E24D2062A733000F84DD /* Resources */,
			);
			buildRules = (
			);
			dependencies = (
			);
			name = "sample-swag";
			productName = "sample-swag";
			productReference = FA21E24F2062A733000F84DD /* sample-swag.app */;
			productType = "com.apple.product-type.application";
		};
/* End PBXNativeTarget section */

/* Begin PBXProject section */
		FA21E2472062A733000F84DD /* Project object */ = {
			isa = PBXProject;
			attributes = {
				LastSwiftUpdateCheck = 0920;
				LastUpgradeCheck = 0920;
				ORGANIZATIONNAME = Binogoo;
				TargetAttributes = {
					FA21E24E2062A733000F84DD = {
						CreatedOnToolsVersion = 9.2;
						ProvisioningStyle = Automatic;
					};
				};
			};
			buildConfigurationList = FA21E24A2062A733000F84DD /* Build configuration list for PBXProject "sample-swag" */;
			compatibilityVersion = "Xcode 8.0";
			developmentRegion = en;
			hasScannedForEncodings = 0;
			knownRegions = (
				en,
				Base,
			);
			mainGroup = FA21E2462062A733000F84DD;
			productRefGroup = FA21E2502062A733000F84DD /* Products */;
			projectDirPath = "";
			projectRoot = "";
			targets = (
				FA21E24E2062A733000F84DD /* sample-swag */,
			);
		};
/* End PBXProject section */

/* Begin PBXResourcesBuildPhase section */
		FA21E24D2062A733000F84DD /* Resources */ = {
			isa = PBXResourcesBuildPhase;
			buildActionMask = 2147483647;
			files = (
				FA21E25D2062A733000F84DD /* LaunchScreen.storyboard in Resources */,
				FA21E25A2062A733000F84DD /* Assets.xcassets in Resources */,
				FA21E2582062A733000F84DD /* Main.storyboard in Resources */,
			);
			runOnlyForDeploymentPostprocessing = 0;
		};
/* End PBXResourcesBuildPhase section */

/* Begin PBXSourcesBuildPhase section */
		FA21E24B2062A733000F84DD /* Sources */ = {
			isa = PBXSourcesBuildPhase;
			buildActionMask = 2147483647;
			files = (
				FA21E2552062A733000F84DD /* CategoriesVC.swift in Sources */,
				FA21E2532062A733000F84DD /* AppDelegate.swift in Sources */,
				FA708FA02063AB7B00B91806 /* CategoryCell.swift in Sources */,
				FA708FA22063BC4500B91806 /* Category.swift in Sources */,
				FA708FA52063BD9F00B91806 /* DataService.swift in Sources */,
			);
			runOnlyForDeploymentPostprocessing = 0;
		};
/* End PBXSourcesBuildPhase section */

/* Begin PBXVariantGroup section */
		FA21E2562062A733000F84DD /* Main.storyboard */ = {
			isa = PBXVariantGroup;
			children = (
				FA21E2572062A733000F84DD /* Base */,
			);
			name = Main.storyboard;
			sourceTree = "<group>";
		};
		FA21E25B2062A733000F84DD /* LaunchScreen.storyboard */ = {
			isa = PBXVariantGroup;
			children = (
				FA21E25C2062A733000F84DD /* Base */,
			);
			name = LaunchScreen.storyboard;
			sourceTree = "<group>";
		};
/* End PBXVariantGroup section */

/* Begin XCBuildConfiguration section */
		FA21E25F2062A733000F84DD /* Debug */ = {
			isa = XCBuildConfiguration;
			buildSettings = {
				ALWAYS_SEARCH_USER_PATHS = NO;
				CLANG_ANALYZER_NONNULL = YES;
				CLANG_ANALYZER_NUMBER_OBJECT_CONVERSION = YES_AGGRESSIVE;
				CLANG_CXX_LANGUAGE_STANDARD = "gnu++14";
				CLANG_CXX_LIBRARY = "libc++";
				CLANG_ENABLE_MODULES = YES;
				CLANG_ENABLE_OBJC_ARC = YES;
				CLANG_WARN_BLOCK_CAPTURE_AUTORELEASING = YES;
				CLANG_WARN_BOOL_CONVERSION = YES;
				CLANG_WARN_COMMA = YES;
				CLANG_WARN_CONSTANT_CONVERSION = YES;
				CLANG_WARN_DIRECT_OBJC_ISA_USAGE = YES_ERROR;
				CLANG_WARN_DOCUMENTATION_COMMENTS = YES;
				CLANG_WARN_EMPTY_BODY = YES;
				CLANG_WARN_ENUM_CONVERSION = YES;
				CLANG_WARN_INFINITE_RECURSION = YES;
				CLANG_WARN_INT_CONVERSION = YES;
				CLANG_WARN_NON_LITERAL_NULL_CONVERSION = YES;
				CLANG_WARN_OBJC_LITERAL_CONVERSION = YES;
				CLANG_WARN_OBJC_ROOT_CLASS = YES_ERROR;
				CLANG_WARN_RANGE_LOOP_ANALYSIS = YES;
				CLANG_WARN_STRICT_PROTOTYPES = YES;
				CLANG_WARN_SUSPICIOUS_MOVE = YES;
				CLANG_WARN_UNGUARDED_AVAILABILITY = YES_AGGRESSIVE;
				CLANG_WARN_UNREACHABLE_CODE = YES;
				CLANG_WARN__DUPLICATE_METHOD_MATCH = YES;
				CODE_SIGN_IDENTITY = "iPhone Developer";
				COPY_PHASE_STRIP = NO;
				DEBUG_INFORMATION_FORMAT = dwarf;
				ENABLE_STRICT_OBJC_MSGSEND = YES;
				ENABLE_TESTABILITY = YES;
				GCC_C_LANGUAGE_STANDARD = gnu11;
				GCC_DYNAMIC_NO_PIC = NO;
				GCC_NO_COMMON_BLOCKS = YES;
				GCC_OPTIMIZATION_LEVEL = 0;
				GCC_PREPROCESSOR_DEFINITIONS = (
					"DEBUG=1",
					"$(inherited)",
				);
				GCC_WARN_64_TO_32_BIT_CONVERSION = YES;
				GCC_WARN_ABOUT_RETURN_TYPE = YES_ERROR;
				GCC_WARN_UNDECLARED_SELECTOR = YES;
				GCC_WARN_UNINITIALIZED_AUTOS = YES_AGGRESSIVE;
				GCC_WARN_UNUSED_FUNCTION = YES;
				GCC_WARN_UNUSED_VARIABLE = YES;
				IPHONEOS_DEPLOYMENT_TARGET = 11.2;
				MTL_ENABLE_DEBUG_INFO = YES;
				ONLY_ACTIVE_ARCH = YES;
				SDKROOT = iphoneos;
				SWIFT_ACTIVE_COMPILATION_CONDITIONS = DEBUG;
				SWIFT_OPTIMIZATION_LEVEL = "-Onone";
			};
			name = Debug;
		};
		FA21E2602062A733000F84DD /* Release */ = {
			isa = XCBuildConfiguration;
			buildSettings = {
				ALWAYS_SEARCH_USER_PATHS = NO;
				CLANG_ANALYZER_NONNULL = YES;
				CLANG_ANALYZER_NUMBER_OBJECT_CONVERSION = YES_AGGRESSIVE;
				CLANG_CXX_LANGUAGE_STANDARD = "gnu++14";
				CLANG_CXX_LIBRARY = "libc++";
				CLANG_ENABLE_MODULES = YES;
				CLANG_ENABLE_OBJC_ARC = YES;
				CLANG_WARN_BLOCK_CAPTURE_AUTORELEASING = YES;
				CLANG_WARN_BOOL_CONVERSION = YES;
				CLANG_WARN_COMMA = YES;
				CLANG_WARN_CONSTANT_CONVERSION = YES;
				CLANG_WARN_DIRECT_OBJC_ISA_USAGE = YES_ERROR;
				CLANG_WARN_DOCUMENTATION_COMMENTS = YES;
				CLANG_WARN_EMPTY_BODY = YES;
				CLANG_WARN_ENUM_CONVERSION = YES;
				CLANG_WARN_INFINITE_RECURSION = YES;
				CLANG_WARN_INT_CONVERSION = YES;
				CLANG_WARN_NON_LITERAL_NULL_CONVERSION = YES;
				CLANG_WARN_OBJC_LITERAL_CONVERSION = YES;
				CLANG_WARN_OBJC_ROOT_CLASS = YES_ERROR;
				CLANG_WARN_RANGE_LOOP_ANALYSIS = YES;
				CLANG_WARN_STRICT_PROTOTYPES = YES;
				CLANG_WARN_SUSPICIOUS_MOVE = YES;
				CLANG_WARN_UNGUARDED_AVAILABILITY = YES_AGGRESSIVE;
				CLANG_WARN_UNREACHABLE_CODE = YES;
				CLANG_WARN__DUPLICATE_METHOD_MATCH = YES;
				CODE_SIGN_IDENTITY = "iPhone Developer";
				COPY_PHASE_STRIP = NO;
				DEBUG_INFORMATION_FORMAT = "dwarf-with-dsym";
				ENABLE_NS_ASSERTIONS = NO;
				ENABLE_STRICT_OBJC_MSGSEND = YES;
				GCC_C_LANGUAGE_STANDARD = gnu11;
				GCC_NO_COMMON_BLOCKS = YES;
				GCC_WARN_64_TO_32_BIT_CONVERSION = YES;
				GCC_WARN_ABOUT_RETURN_TYPE = YES_ERROR;
				GCC_WARN_UNDECLARED_SELECTOR = YES;
				GCC_WARN_UNINITIALIZED_AUTOS = YES_AGGRESSIVE;
				GCC_WARN_UNUSED_FUNCTION = YES;
				GCC_WARN_UNUSED_VARIABLE = YES;
				IPHONEOS_DEPLOYMENT_TARGET = 11.2;
				MTL_ENABLE_DEBUG_INFO = NO;
				SDKROOT = iphoneos;
				SWIFT_OPTIMIZATION_LEVEL = "-Owholemodule";
				VALIDATE_PRODUCT = YES;
			};
			name = Release;
		};
		FA21E2622062A733000F84DD /* Debug */ = {
			isa = XCBuildConfiguration;
			buildSettings = {
				ASSETCATALOG_COMPILER_APPICON_NAME = AppIcon;
				CODE_SIGN_STYLE = Automatic;
				DEVELOPMENT_TEAM = 28673GY9Q8;
				INFOPLIST_FILE = "sample-swag/Info.plist";
				LD_RUNPATH_SEARCH_PATHS = "$(inherited) @executable_path/Frameworks";
				PRODUCT_BUNDLE_IDENTIFIER = "com.binogoo.sample-swag";
				PRODUCT_NAME = "$(TARGET_NAME)";
				SWIFT_VERSION = 4.0;
				TARGETED_DEVICE_FAMILY = "1,2";
			};
			name = Debug;
		};
		FA21E2632062A733000F84DD /* Release */ = {
			isa = XCBuildConfiguration;
			buildSettings = {
				ASSETCATALOG_COMPILER_APPICON_NAME = AppIcon;
				CODE_SIGN_STYLE = Automatic;
				DEVELOPMENT_TEAM = 28673GY9Q8;
				INFOPLIST_FILE = "sample-swag/Info.plist";
				LD_RUNPATH_SEARCH_PATHS = "$(inherited) @executable_path/Frameworks";
				PRODUCT_BUNDLE_IDENTIFIER = "com.binogoo.sample-swag";
				PRODUCT_NAME = "$(TARGET_NAME)";
				SWIFT_VERSION = 4.0;
				TARGETED_DEVICE_FAMILY = "1,2";
			};
			name = Release;
		};
/* End XCBuildConfiguration section */

/* Begin XCConfigurationList section */
		FA21E24A2062A733000F84DD /* Build configuration list for PBXProject "sample-swag" */ = {
			isa = XCConfigurationList;
			buildConfigurations = (
				FA21E25F2062A733000F84DD /* Debug */,
				FA21E2602062A733000F84DD /* Release */,
			);
			defaultConfigurationIsVisible = 0;
			defaultConfigurationName = Release;
		};
		FA21E2612062A733000F84DD /* Build configuration list for PBXNativeTarget "sample-swag" */ = {
			isa = XCConfigurationList;
			buildConfigurations = (
				FA21E2622062A733000F84DD /* Debug */,
				FA21E2632062A733000F84DD /* Release */,
			);
			defaultConfigurationIsVisible = 0;
			defaultConfigurationName = Release;
		};
/* End XCConfigurationList section */
	};
	rootObject = FA21E2472062A733000F84DD /* Project object */;
}
